// !$*UTF8*$!
{
	archiveVersion = 1;
	classes = {
	};
	objectVersion = 46;
	objects = {

/* Begin PBXBuildFile section */
		BF705C0F1EAC423F006C102E /* JobsViewController.swift in Sources */ = {isa = PBXBuildFile; fileRef = BF705C0E1EAC423F006C102E /* JobsViewController.swift */; };
		BF705C111EAFF026006C102E /* TitleCell.swift in Sources */ = {isa = PBXBuildFile; fileRef = BF705C101EAFF026006C102E /* TitleCell.swift */; };
		BF705C3C1EB409BC006C102E /* Constants.swift in Sources */ = {isa = PBXBuildFile; fileRef = BF705C3B1EB409BC006C102E /* Constants.swift */; };
		BFBA5AEC1EA858A3008D322E /* AppDelegate.swift in Sources */ = {isa = PBXBuildFile; fileRef = BFBA5AEB1EA858A3008D322E /* AppDelegate.swift */; };
		BFBA5AF11EA858A3008D322E /* Main.storyboard in Resources */ = {isa = PBXBuildFile; fileRef = BFBA5AEF1EA858A3008D322E /* Main.storyboard */; };
		BFBA5AF31EA858A3008D322E /* Assets.xcassets in Resources */ = {isa = PBXBuildFile; fileRef = BFBA5AF21EA858A3008D322E /* Assets.xcassets */; };
		BFBA5AF61EA858A3008D322E /* LaunchScreen.storyboard in Resources */ = {isa = PBXBuildFile; fileRef = BFBA5AF41EA858A3008D322E /* LaunchScreen.storyboard */; };
		BFBA5AFE1EA869F1008D322E /* JobCell.swift in Sources */ = {isa = PBXBuildFile; fileRef = BFBA5AFD1EA869F1008D322E /* JobCell.swift */; };
		BFBA5B011EAAAC33008D322E /* Model.xcdatamodeld in Sources */ = {isa = PBXBuildFile; fileRef = BFBA5AFF1EAAAC32008D322E /* Model.xcdatamodeld */; };
		BFBA5B181EAAEEFF008D322E /* Player.swift in Sources */ = {isa = PBXBuildFile; fileRef = BFBA5B141EAAEEFF008D322E /* Player.swift */; };
		BFBA5B191EAAEEFF008D322E /* Player+CoreDataProperties.swift in Sources */ = {isa = PBXBuildFile; fileRef = BFBA5B151EAAEEFF008D322E /* Player+CoreDataProperties.swift */; };
		BFBA5B1A1EAAEEFF008D322E /* Job.swift in Sources */ = {isa = PBXBuildFile; fileRef = BFBA5B161EAAEEFF008D322E /* Job.swift */; };
		BFBA5B1B1EAAEEFF008D322E /* Job+CoreDataProperties.swift in Sources */ = {isa = PBXBuildFile; fileRef = BFBA5B171EAAEEFF008D322E /* Job+CoreDataProperties.swift */; };
/* End PBXBuildFile section */

/* Begin PBXFileReference section */
		BF705C0E1EAC423F006C102E /* JobsViewController.swift */ = {isa = PBXFileReference; fileEncoding = 4; lastKnownFileType = sourcecode.swift; path = JobsViewController.swift; sourceTree = "<group>"; };
		BF705C101EAFF026006C102E /* TitleCell.swift */ = {isa = PBXFileReference; fileEncoding = 4; lastKnownFileType = sourcecode.swift; path = TitleCell.swift; sourceTree = "<group>"; };
		BF705C3B1EB409BC006C102E /* Constants.swift */ = {isa = PBXFileReference; fileEncoding = 4; lastKnownFileType = sourcecode.swift; path = Constants.swift; sourceTree = "<group>"; };
		BFBA5AE81EA858A3008D322E /* TableTimerProgress.app */ = {isa = PBXFileReference; explicitFileType = wrapper.application; includeInIndex = 0; path = TableTimerProgress.app; sourceTree = BUILT_PRODUCTS_DIR; };
		BFBA5AEB1EA858A3008D322E /* AppDelegate.swift */ = {isa = PBXFileReference; lastKnownFileType = sourcecode.swift; path = AppDelegate.swift; sourceTree = "<group>"; };
		BFBA5AF01EA858A3008D322E /* Base */ = {isa = PBXFileReference; lastKnownFileType = file.storyboard; name = Base; path = Base.lproj/Main.storyboard; sourceTree = "<group>"; };
		BFBA5AF21EA858A3008D322E /* Assets.xcassets */ = {isa = PBXFileReference; lastKnownFileType = folder.assetcatalog; path = Assets.xcassets; sourceTree = "<group>"; };
		BFBA5AF51EA858A3008D322E /* Base */ = {isa = PBXFileReference; lastKnownFileType = file.storyboard; name = Base; path = Base.lproj/LaunchScreen.storyboard; sourceTree = "<group>"; };
		BFBA5AF71EA858A3008D322E /* Info.plist */ = {isa = PBXFileReference; lastKnownFileType = text.plist.xml; path = Info.plist; sourceTree = "<group>"; };
		BFBA5AFD1EA869F1008D322E /* JobCell.swift */ = {isa = PBXFileReference; fileEncoding = 4; lastKnownFileType = sourcecode.swift; path = JobCell.swift; sourceTree = "<group>"; };
		BFBA5B001EAAAC33008D322E /* Model.xcdatamodel */ = {isa = PBXFileReference; lastKnownFileType = wrapper.xcdatamodel; path = Model.xcdatamodel; sourceTree = "<group>"; };
		BFBA5B141EAAEEFF008D322E /* Player.swift */ = {isa = PBXFileReference; fileEncoding = 4; lastKnownFileType = sourcecode.swift; path = Player.swift; sourceTree = "<group>"; };
		BFBA5B151EAAEEFF008D322E /* Player+CoreDataProperties.swift */ = {isa = PBXFileReference; fileEncoding = 4; lastKnownFileType = sourcecode.swift; path = "Player+CoreDataProperties.swift"; sourceTree = "<group>"; };
		BFBA5B161EAAEEFF008D322E /* Job.swift */ = {isa = PBXFileReference; fileEncoding = 4; lastKnownFileType = sourcecode.swift; path = Job.swift; sourceTree = "<group>"; };
		BFBA5B171EAAEEFF008D322E /* Job+CoreDataProperties.swift */ = {isa = PBXFileReference; fileEncoding = 4; lastKnownFileType = sourcecode.swift; path = "Job+CoreDataProperties.swift"; sourceTree = "<group>"; };
/* End PBXFileReference section */

/* Begin PBXFrameworksBuildPhase section */
		BFBA5AE51EA858A3008D322E /* Frameworks */ = {
			isa = PBXFrameworksBuildPhase;
			buildActionMask = 2147483647;
			files = (
			);
			runOnlyForDeploymentPostprocessing = 0;
		};
/* End PBXFrameworksBuildPhase section */

/* Begin PBXGroup section */
		BFBA5ADF1EA858A3008D322E = {
			isa = PBXGroup;
			children = (
				BFBA5AEA1EA858A3008D322E /* TableTimerProgress */,
				BFBA5AE91EA858A3008D322E /* Products */,
			);
			sourceTree = "<group>";
		};
		BFBA5AE91EA858A3008D322E /* Products */ = {
			isa = PBXGroup;
			children = (
				BFBA5AE81EA858A3008D322E /* TableTimerProgress.app */,
			);
			name = Products;
			sourceTree = "<group>";
		};
		BFBA5AEA1EA858A3008D322E /* TableTimerProgress */ = {
			isa = PBXGroup;
			children = (
				BFBA5B1D1EAC1A7D008D322E /* Controllers */,
				BFBA5AEB1EA858A3008D322E /* AppDelegate.swift */,
				BFBA5B1C1EAC19ED008D322E /* Models */,
				BFBA5AEF1EA858A3008D322E /* Main.storyboard */,
				BFBA5AF21EA858A3008D322E /* Assets.xcassets */,
				BFBA5AF41EA858A3008D322E /* LaunchScreen.storyboard */,
				BFBA5AF71EA858A3008D322E /* Info.plist */,
				BFBA5AFD1EA869F1008D322E /* JobCell.swift */,
				BF705C101EAFF026006C102E /* TitleCell.swift */,
				BF705C3B1EB409BC006C102E /* Constants.swift */,
			);
			path = TableTimerProgress;
			sourceTree = "<group>";
		};
		BFBA5B1C1EAC19ED008D322E /* Models */ = {
			isa = PBXGroup;
			children = (
				BFBA5AFF1EAAAC32008D322E /* Model.xcdatamodeld */,
				BFBA5B141EAAEEFF008D322E /* Player.swift */,
				BFBA5B151EAAEEFF008D322E /* Player+CoreDataProperties.swift */,
				BFBA5B161EAAEEFF008D322E /* Job.swift */,
				BFBA5B171EAAEEFF008D322E /* Job+CoreDataProperties.swift */,
			);
			name = Models;
			path = ..;
			sourceTree = "<group>";
		};
		BFBA5B1D1EAC1A7D008D322E /* Controllers */ = {
			isa = PBXGroup;
			children = (
				BF705C0E1EAC423F006C102E /* JobsViewController.swift */,
			);
			name = Controllers;
			path = ..;
			sourceTree = "<group>";
		};
/* End PBXGroup section */

/* Begin PBXNativeTarget section */
		BFBA5AE71EA858A3008D322E /* TableTimerProgress */ = {
			isa = PBXNativeTarget;
			buildConfigurationList = BFBA5AFA1EA858A3008D322E /* Build configuration list for PBXNativeTarget "TableTimerProgress" */;
			buildPhases = (
				BFBA5AE41EA858A3008D322E /* Sources */,
				BFBA5AE51EA858A3008D322E /* Frameworks */,
				BFBA5AE61EA858A3008D322E /* Resources */,
			);
			buildRules = (
			);
			dependencies = (
			);
			name = TableTimerProgress;
			productName = TableTimerProgress;
			productReference = BFBA5AE81EA858A3008D322E /* TableTimerProgress.app */;
			productType = "com.apple.product-type.application";
		};
/* End PBXNativeTarget section */

/* Begin PBXProject section */
		BFBA5AE01EA858A3008D322E /* Project object */ = {
			isa = PBXProject;
			attributes = {
				LastSwiftUpdateCheck = 0830;
				LastUpgradeCheck = 0830;
				ORGANIZATIONNAME = "Allen Czerwinski";
				TargetAttributes = {
					BFBA5AE71EA858A3008D322E = {
						CreatedOnToolsVersion = 8.3.1;
						ProvisioningStyle = Automatic;
					};
				};
			};
			buildConfigurationList = BFBA5AE31EA858A3008D322E /* Build configuration list for PBXProject "TableTimerProgress" */;
			compatibilityVersion = "Xcode 3.2";
			developmentRegion = English;
			hasScannedForEncodings = 0;
			knownRegions = (
				en,
				Base,
			);
			mainGroup = BFBA5ADF1EA858A3008D322E;
			productRefGroup = BFBA5AE91EA858A3008D322E /* Products */;
			projectDirPath = "";
			projectRoot = "";
			targets = (
				BFBA5AE71EA858A3008D322E /* TableTimerProgress */,
			);
		};
/* End PBXProject section */

/* Begin PBXResourcesBuildPhase section */
		BFBA5AE61EA858A3008D322E /* Resources */ = {
			isa = PBXResourcesBuildPhase;
			buildActionMask = 2147483647;
			files = (
				BFBA5AF61EA858A3008D322E /* LaunchScreen.storyboard in Resources */,
				BFBA5AF31EA858A3008D322E /* Assets.xcassets in Resources */,
				BFBA5AF11EA858A3008D322E /* Main.storyboard in Resources */,
			);
			runOnlyForDeploymentPostprocessing = 0;
		};
/* End PBXResourcesBuildPhase section */

/* Begin PBXSourcesBuildPhase section */
		BFBA5AE41EA858A3008D322E /* Sources */ = {
			isa = PBXSourcesBuildPhase;
			buildActionMask = 2147483647;
			files = (
				BF705C111EAFF026006C102E /* TitleCell.swift in Sources */,
				BFBA5B181EAAEEFF008D322E /* Player.swift in Sources */,
				BFBA5B1A1EAAEEFF008D322E /* Job.swift in Sources */,
				BFBA5B011EAAAC33008D322E /* Model.xcdatamodeld in Sources */,
				BFBA5B191EAAEEFF008D322E /* Player+CoreDataProperties.swift in Sources */,
				BF705C3C1EB409BC006C102E /* Constants.swift in Sources */,
				BFBA5B1B1EAAEEFF008D322E /* Job+CoreDataProperties.swift in Sources */,
				BFBA5AFE1EA869F1008D322E /* JobCell.swift in Sources */,
				BF705C0F1EAC423F006C102E /* JobsViewController.swift in Sources */,
				BFBA5AEC1EA858A3008D322E /* AppDelegate.swift in Sources */,
			);
			runOnlyForDeploymentPostprocessing = 0;
		};
/* End PBXSourcesBuildPhase section */

/* Begin PBXVariantGroup section */
		BFBA5AEF1EA858A3008D322E /* Main.storyboard */ = {
			isa = PBXVariantGroup;
			children = (
				BFBA5AF01EA858A3008D322E /* Base */,
			);
			name = Main.storyboard;
			sourceTree = "<group>";
		};
		BFBA5AF41EA858A3008D322E /* LaunchScreen.storyboard */ = {
			isa = PBXVariantGroup;
			children = (
				BFBA5AF51EA858A3008D322E /* Base */,
			);
			name = LaunchScreen.storyboard;
			sourceTree = "<group>";
		};
/* End PBXVariantGroup section */

/* Begin XCBuildConfiguration section */
		BFBA5AF81EA858A3008D322E /* Debug */ = {
			isa = XCBuildConfiguration;
			buildSettings = {
				ALWAYS_SEARCH_USER_PATHS = NO;
				CLANG_ANALYZER_NONNULL = YES;
				CLANG_ANALYZER_NUMBER_OBJECT_CONVERSION = YES_AGGRESSIVE;
				CLANG_CXX_LANGUAGE_STANDARD = "gnu++0x";
				CLANG_CXX_LIBRARY = "libc++";
				CLANG_ENABLE_MODULES = YES;
				CLANG_ENABLE_OBJC_ARC = YES;
				CLANG_WARN_BOOL_CONVERSION = YES;
				CLANG_WARN_CONSTANT_CONVERSION = YES;
				CLANG_WARN_DIRECT_OBJC_ISA_USAGE = YES_ERROR;
				CLANG_WARN_DOCUMENTATION_COMMENTS = YES;
				CLANG_WARN_EMPTY_BODY = YES;
				CLANG_WARN_ENUM_CONVERSION = YES;
				CLANG_WARN_INFINITE_RECURSION = YES;
				CLANG_WARN_INT_CONVERSION = YES;
				CLANG_WARN_OBJC_ROOT_CLASS = YES_ERROR;
				CLANG_WARN_SUSPICIOUS_MOVE = YES;
				CLANG_WARN_UNREACHABLE_CODE = YES;
				CLANG_WARN__DUPLICATE_METHOD_MATCH = YES;
				"CODE_SIGN_IDENTITY[sdk=iphoneos*]" = "iPhone Developer";
				COPY_PHASE_STRIP = NO;
				DEBUG_INFORMATION_FORMAT = dwarf;
				ENABLE_STRICT_OBJC_MSGSEND = YES;
				ENABLE_TESTABILITY = YES;
				GCC_C_LANGUAGE_STANDARD = gnu99;
				GCC_DYNAMIC_NO_PIC = NO;
				GCC_NO_COMMON_BLOCKS = YES;
				GCC_OPTIMIZATION_LEVEL = 0;
				GCC_PREPROCESSOR_DEFINITIONS = (
					"DEBUG=1",
					"$(inherited)",
				);
				GCC_WARN_64_TO_32_BIT_CONVERSION = YES;
				GCC_WARN_ABOUT_RETURN_TYPE = YES_ERROR;
				GCC_WARN_UNDECLARED_SELECTOR = YES;
				GCC_WARN_UNINITIALIZED_AUTOS = YES_AGGRESSIVE;
				GCC_WARN_UNUSED_FUNCTION = YES;
				GCC_WARN_UNUSED_VARIABLE = YES;
				IPHONEOS_DEPLOYMENT_TARGET = 10.3;
				MTL_ENABLE_DEBUG_INFO = YES;
				ONLY_ACTIVE_ARCH = YES;
				SDKROOT = iphoneos;
				SWIFT_ACTIVE_COMPILATION_CONDITIONS = DEBUG;
				SWIFT_OPTIMIZATION_LEVEL = "-Onone";
				TARGETED_DEVICE_FAMILY = "1,2";
			};
			name = Debug;
		};
		BFBA5AF91EA858A3008D322E /* Release */ = {
			isa = XCBuildConfiguration;
			buildSettings = {
				ALWAYS_SEARCH_USER_PATHS = NO;
				CLANG_ANALYZER_NONNULL = YES;
				CLANG_ANALYZER_NUMBER_OBJECT_CONVERSION = YES_AGGRESSIVE;
				CLANG_CXX_LANGUAGE_STANDARD = "gnu++0x";
				CLANG_CXX_LIBRARY = "libc++";
				CLANG_ENABLE_MODULES = YES;
				CLANG_ENABLE_OBJC_ARC = YES;
				CLANG_WARN_BOOL_CONVERSION = YES;
				CLANG_WARN_CONSTANT_CONVERSION = YES;
				CLANG_WARN_DIRECT_OBJC_ISA_USAGE = YES_ERROR;
				CLANG_WARN_DOCUMENTATION_COMMENTS = YES;
				CLANG_WARN_EMPTY_BODY = YES;
				CLANG_WARN_ENUM_CONVERSION = YES;
				CLANG_WARN_INFINITE_RECURSION = YES;
				CLANG_WARN_INT_CONVERSION = YES;
				CLANG_WARN_OBJC_ROOT_CLASS = YES_ERROR;
				CLANG_WARN_SUSPICIOUS_MOVE = YES;
				CLANG_WARN_UNREACHABLE_CODE = YES;
				CLANG_WARN__DUPLICATE_METHOD_MATCH = YES;
				"CODE_SIGN_IDENTITY[sdk=iphoneos*]" = "iPhone Developer";
				COPY_PHASE_STRIP = NO;
				DEBUG_INFORMATION_FORMAT = "dwarf-with-dsym";
				ENABLE_NS_ASSERTIONS = NO;
				ENABLE_STRICT_OBJC_MSGSEND = YES;
				GCC_C_LANGUAGE_STANDARD = gnu99;
				GCC_NO_COMMON_BLOCKS = YES;
				GCC_WARN_64_TO_32_BIT_CONVERSION = YES;
				GCC_WARN_ABOUT_RETURN_TYPE = YES_ERROR;
				GCC_WARN_UNDECLARED_SELECTOR = YES;
				GCC_WARN_UNINITIALIZED_AUTOS = YES_AGGRESSIVE;
				GCC_WARN_UNUSED_FUNCTION = YES;
				GCC_WARN_UNUSED_VARIABLE = YES;
				IPHONEOS_DEPLOYMENT_TARGET = 10.3;
				MTL_ENABLE_DEBUG_INFO = NO;
				SDKROOT = iphoneos;
				SWIFT_OPTIMIZATION_LEVEL = "-Owholemodule";
				TARGETED_DEVICE_FAMILY = "1,2";
				VALIDATE_PRODUCT = YES;
			};
			name = Release;
		};
		BFBA5AFB1EA858A3008D322E /* Debug */ = {
			isa = XCBuildConfiguration;
			buildSettings = {
				ASSETCATALOG_COMPILER_APPICON_NAME = AppIcon;
				INFOPLIST_FILE = TableTimerProgress/Info.plist;
				LD_RUNPATH_SEARCH_PATHS = "$(inherited) @executable_path/Frameworks";
				PRODUCT_BUNDLE_IDENTIFIER = com.gmail.allen.czerwinski.TableTimerProgress;
				PRODUCT_NAME = "$(TARGET_NAME)";
				SWIFT_VERSION = 3.0;
			};
			name = Debug;
		};
		BFBA5AFC1EA858A3008D322E /* Release */ = {
			isa = XCBuildConfiguration;
			buildSettings = {
				ASSETCATALOG_COMPILER_APPICON_NAME = AppIcon;
				INFOPLIST_FILE = TableTimerProgress/Info.plist;
				LD_RUNPATH_SEARCH_PATHS = "$(inherited) @executable_path/Frameworks";
				PRODUCT_BUNDLE_IDENTIFIER = com.gmail.allen.czerwinski.TableTimerProgress;
				PRODUCT_NAME = "$(TARGET_NAME)";
				SWIFT_VERSION = 3.0;
			};
			name = Release;
		};
/* End XCBuildConfiguration section */

/* Begin XCConfigurationList section */
		BFBA5AE31EA858A3008D322E /* Build configuration list for PBXProject "TableTimerProgress" */ = {
			isa = XCConfigurationList;
			buildConfigurations = (
				BFBA5AF81EA858A3008D322E /* Debug */,
				BFBA5AF91EA858A3008D322E /* Release */,
			);
			defaultConfigurationIsVisible = 0;
			defaultConfigurationName = Release;
		};
		BFBA5AFA1EA858A3008D322E /* Build configuration list for PBXNativeTarget "TableTimerProgress" */ = {
			isa = XCConfigurationList;
			buildConfigurations = (
				BFBA5AFB1EA858A3008D322E /* Debug */,
				BFBA5AFC1EA858A3008D322E /* Release */,
			);
			defaultConfigurationIsVisible = 0;
			defaultConfigurationName = Release;
		};
/* End XCConfigurationList section */

/* Begin XCVersionGroup section */
		BFBA5AFF1EAAAC32008D322E /* Model.xcdatamodeld */ = {
			isa = XCVersionGroup;
			children = (
				BFBA5B001EAAAC33008D322E /* Model.xcdatamodel */,
			);
			currentVersion = BFBA5B001EAAAC33008D322E /* Model.xcdatamodel */;
			name = Model.xcdatamodeld;
			path = TableTimerProgress/Model.xcdatamodeld;
			sourceTree = "<group>";
			versionGroupType = wrapper.xcdatamodel;
		};
/* End XCVersionGroup section */
	};
	rootObject = BFBA5AE01EA858A3008D322E /* Project object */;
}
