// !$*UTF8*$!
{
	archiveVersion = 1;
	classes = {
	};
	objectVersion = 46;
	objects = {

/* Begin PBXBuildFile section */
		BF0E17B31EFC5B5400E633B8 /* JobsVC.swift in Sources */ = {isa = PBXBuildFile; fileRef = BF1BA7C51EB570FB0048B95B /* JobsVC.swift */; };
		BF3C47A91F81946A0055E090 /* Score.swift in Sources */ = {isa = PBXBuildFile; fileRef = BF3C47A71F81946A0055E090 /* Score.swift */; };
		BF3C47AA1F81946A0055E090 /* Score+CoreDataProperties.swift in Sources */ = {isa = PBXBuildFile; fileRef = BF3C47A81F81946A0055E090 /* Score+CoreDataProperties.swift */; };
		BF89AB291F041DD5006B667D /* Score1.swift in Sources */ = {isa = PBXBuildFile; fileRef = BF89AB281F041DD5006B667D /* Score1.swift */; };
		BFBA5AEC1EA858A3008D322E /* AppDelegate.swift in Sources */ = {isa = PBXBuildFile; fileRef = BFBA5AEB1EA858A3008D322E /* AppDelegate.swift */; };
		BFBA5AF11EA858A3008D322E /* Main.storyboard in Resources */ = {isa = PBXBuildFile; fileRef = BFBA5AEF1EA858A3008D322E /* Main.storyboard */; };
		BFBA5AF31EA858A3008D322E /* Assets.xcassets in Resources */ = {isa = PBXBuildFile; fileRef = BFBA5AF21EA858A3008D322E /* Assets.xcassets */; };
		BFBA5AF61EA858A3008D322E /* LaunchScreen.storyboard in Resources */ = {isa = PBXBuildFile; fileRef = BFBA5AF41EA858A3008D322E /* LaunchScreen.storyboard */; };
		BFE9A6E61F7B0AB6008559D8 /* ClickDevTime.xcdatamodeld in Sources */ = {isa = PBXBuildFile; fileRef = BFE9A6E41F7B0AB6008559D8 /* ClickDevTime.xcdatamodeld */; };
/* End PBXBuildFile section */

/* Begin PBXFileReference section */
		BF1BA7C51EB570FB0048B95B /* JobsVC.swift */ = {isa = PBXFileReference; fileEncoding = 4; lastKnownFileType = sourcecode.swift; path = JobsVC.swift; sourceTree = "<group>"; };
		BF3C47A71F81946A0055E090 /* Score.swift */ = {isa = PBXFileReference; lastKnownFileType = sourcecode.swift; path = Score.swift; sourceTree = "<group>"; };
		BF3C47A81F81946A0055E090 /* Score+CoreDataProperties.swift */ = {isa = PBXFileReference; lastKnownFileType = sourcecode.swift; path = "Score+CoreDataProperties.swift"; sourceTree = "<group>"; };
		BF89AB281F041DD5006B667D /* Score1.swift */ = {isa = PBXFileReference; fileEncoding = 4; lastKnownFileType = sourcecode.swift; path = Score1.swift; sourceTree = "<group>"; };
		BFBA5AE81EA858A3008D322E /* ClickDevTime.app */ = {isa = PBXFileReference; explicitFileType = wrapper.application; includeInIndex = 0; path = ClickDevTime.app; sourceTree = BUILT_PRODUCTS_DIR; };
		BFBA5AEB1EA858A3008D322E /* AppDelegate.swift */ = {isa = PBXFileReference; lastKnownFileType = sourcecode.swift; path = AppDelegate.swift; sourceTree = "<group>"; };
		BFBA5AF01EA858A3008D322E /* Base */ = {isa = PBXFileReference; lastKnownFileType = file.storyboard; name = Base; path = Base.lproj/Main.storyboard; sourceTree = "<group>"; };
		BFBA5AF21EA858A3008D322E /* Assets.xcassets */ = {isa = PBXFileReference; lastKnownFileType = folder.assetcatalog; path = Assets.xcassets; sourceTree = "<group>"; };
		BFBA5AF51EA858A3008D322E /* Base */ = {isa = PBXFileReference; lastKnownFileType = file.storyboard; name = Base; path = Base.lproj/LaunchScreen.storyboard; sourceTree = "<group>"; };
		BFBA5AF71EA858A3008D322E /* Info.plist */ = {isa = PBXFileReference; lastKnownFileType = text.plist.xml; path = Info.plist; sourceTree = "<group>"; };
		BFE9A6E51F7B0AB6008559D8 /* Score.xcdatamodel */ = {isa = PBXFileReference; lastKnownFileType = wrapper.xcdatamodel; path = Score.xcdatamodel; sourceTree = "<group>"; };
/* End PBXFileReference section */

/* Begin PBXFrameworksBuildPhase section */
		BFBA5AE51EA858A3008D322E /* Frameworks */ = {
			isa = PBXFrameworksBuildPhase;
			buildActionMask = 2147483647;
			files = (
			);
			runOnlyForDeploymentPostprocessing = 0;
		};
/* End PBXFrameworksBuildPhase section */

/* Begin PBXGroup section */
		BFBA5ADF1EA858A3008D322E = {
			isa = PBXGroup;
			children = (
				BF3C47A71F81946A0055E090 /* Score.swift */,
				BF3C47A81F81946A0055E090 /* Score+CoreDataProperties.swift */,
				BFBA5AEA1EA858A3008D322E /* ClickDevTime */,
				BFBA5AE91EA858A3008D322E /* Products */,
			);
			sourceTree = "<group>";
		};
		BFBA5AE91EA858A3008D322E /* Products */ = {
			isa = PBXGroup;
			children = (
				BFBA5AE81EA858A3008D322E /* ClickDevTime.app */,
			);
			name = Products;
			sourceTree = "<group>";
		};
		BFBA5AEA1EA858A3008D322E /* ClickDevTime */ = {
			isa = PBXGroup;
			children = (
				BFBA5B1D1EAC1A7D008D322E /* Controller */,
				BFBA5AEB1EA858A3008D322E /* AppDelegate.swift */,
				BFBA5AEF1EA858A3008D322E /* Main.storyboard */,
				BFBA5AF21EA858A3008D322E /* Assets.xcassets */,
				BFBA5AF41EA858A3008D322E /* LaunchScreen.storyboard */,
				BFBA5AF71EA858A3008D322E /* Info.plist */,
				BFE9A6E41F7B0AB6008559D8 /* ClickDevTime.xcdatamodeld */,
			);
			name = ClickDevTime;
			path = TableTimerProgress;
			sourceTree = "<group>";
		};
		BFBA5B1D1EAC1A7D008D322E /* Controller */ = {
			isa = PBXGroup;
			children = (
				BF1BA7C51EB570FB0048B95B /* JobsVC.swift */,
				BF89AB281F041DD5006B667D /* Score1.swift */,
			);
			name = Controller;
			path = ..;
			sourceTree = "<group>";
		};
/* End PBXGroup section */

/* Begin PBXNativeTarget section */
		BFBA5AE71EA858A3008D322E /* ClickDevTime */ = {
			isa = PBXNativeTarget;
			buildConfigurationList = BFBA5AFA1EA858A3008D322E /* Build configuration list for PBXNativeTarget "ClickDevTime" */;
			buildPhases = (
				BFBA5AE41EA858A3008D322E /* Sources */,
				BFBA5AE51EA858A3008D322E /* Frameworks */,
				BFBA5AE61EA858A3008D322E /* Resources */,
			);
			buildRules = (
			);
			dependencies = (
			);
			name = ClickDevTime;
			productName = TableTimerProgress;
			productReference = BFBA5AE81EA858A3008D322E /* ClickDevTime.app */;
			productType = "com.apple.product-type.application";
		};
/* End PBXNativeTarget section */

/* Begin PBXProject section */
		BFBA5AE01EA858A3008D322E /* Project object */ = {
			isa = PBXProject;
			attributes = {
				LastSwiftUpdateCheck = 0830;
				LastUpgradeCheck = 0900;
				ORGANIZATIONNAME = "Allen Czerwinski";
				TargetAttributes = {
					BFBA5AE71EA858A3008D322E = {
						CreatedOnToolsVersion = 8.3.1;
						DevelopmentTeam = B36SK2M974;
						LastSwiftMigration = 0900;
						ProvisioningStyle = Automatic;
					};
				};
			};
			buildConfigurationList = BFBA5AE31EA858A3008D322E /* Build configuration list for PBXProject "ClickDevTime" */;
			compatibilityVersion = "Xcode 3.2";
			developmentRegion = English;
			hasScannedForEncodings = 0;
			knownRegions = (
				en,
				Base,
			);
			mainGroup = BFBA5ADF1EA858A3008D322E;
			productRefGroup = BFBA5AE91EA858A3008D322E /* Products */;
			projectDirPath = "";
			projectRoot = "";
			targets = (
				BFBA5AE71EA858A3008D322E /* ClickDevTime */,
			);
		};
/* End PBXProject section */

/* Begin PBXResourcesBuildPhase section */
		BFBA5AE61EA858A3008D322E /* Resources */ = {
			isa = PBXResourcesBuildPhase;
			buildActionMask = 2147483647;
			files = (
				BFBA5AF61EA858A3008D322E /* LaunchScreen.storyboard in Resources */,
				BFBA5AF31EA858A3008D322E /* Assets.xcassets in Resources */,
				BFBA5AF11EA858A3008D322E /* Main.storyboard in Resources */,
			);
			runOnlyForDeploymentPostprocessing = 0;
		};
/* End PBXResourcesBuildPhase section */

/* Begin PBXSourcesBuildPhase section */
		BFBA5AE41EA858A3008D322E /* Sources */ = {
			isa = PBXSourcesBuildPhase;
			buildActionMask = 2147483647;
			files = (
				BF0E17B31EFC5B5400E633B8 /* JobsVC.swift in Sources */,
				BF89AB291F041DD5006B667D /* Score1.swift in Sources */,
				BFE9A6E61F7B0AB6008559D8 /* ClickDevTime.xcdatamodeld in Sources */,
				BF3C47A91F81946A0055E090 /* Score.swift in Sources */,
				BF3C47AA1F81946A0055E090 /* Score+CoreDataProperties.swift in Sources */,
				BFBA5AEC1EA858A3008D322E /* AppDelegate.swift in Sources */,
			);
			runOnlyForDeploymentPostprocessing = 0;
		};
/* End PBXSourcesBuildPhase section */

/* Begin PBXVariantGroup section */
		BFBA5AEF1EA858A3008D322E /* Main.storyboard */ = {
			isa = PBXVariantGroup;
			children = (
				BFBA5AF01EA858A3008D322E /* Base */,
			);
			name = Main.storyboard;
			sourceTree = "<group>";
		};
		BFBA5AF41EA858A3008D322E /* LaunchScreen.storyboard */ = {
			isa = PBXVariantGroup;
			children = (
				BFBA5AF51EA858A3008D322E /* Base */,
			);
			name = LaunchScreen.storyboard;
			sourceTree = "<group>";
		};
/* End PBXVariantGroup section */

/* Begin XCBuildConfiguration section */
		BFBA5AF81EA858A3008D322E /* Debug */ = {
			isa = XCBuildConfiguration;
			buildSettings = {
				ALWAYS_SEARCH_USER_PATHS = NO;
				CLANG_ANALYZER_NONNULL = YES;
				CLANG_ANALYZER_NUMBER_OBJECT_CONVERSION = YES_AGGRESSIVE;
				CLANG_CXX_LANGUAGE_STANDARD = "gnu++0x";
				CLANG_CXX_LIBRARY = "libc++";
				CLANG_ENABLE_MODULES = YES;
				CLANG_ENABLE_OBJC_ARC = YES;
				CLANG_WARN_BLOCK_CAPTURE_AUTORELEASING = YES;
				CLANG_WARN_BOOL_CONVERSION = YES;
				CLANG_WARN_COMMA = YES;
				CLANG_WARN_CONSTANT_CONVERSION = YES;
				CLANG_WARN_DIRECT_OBJC_ISA_USAGE = YES_ERROR;
				CLANG_WARN_DOCUMENTATION_COMMENTS = YES;
				CLANG_WARN_EMPTY_BODY = YES;
				CLANG_WARN_ENUM_CONVERSION = YES;
				CLANG_WARN_INFINITE_RECURSION = YES;
				CLANG_WARN_INT_CONVERSION = YES;
				CLANG_WARN_NON_LITERAL_NULL_CONVERSION = YES;
				CLANG_WARN_OBJC_LITERAL_CONVERSION = YES;
				CLANG_WARN_OBJC_ROOT_CLASS = YES_ERROR;
				CLANG_WARN_RANGE_LOOP_ANALYSIS = YES;
				CLANG_WARN_STRICT_PROTOTYPES = YES;
				CLANG_WARN_SUSPICIOUS_MOVE = YES;
				CLANG_WARN_UNREACHABLE_CODE = YES;
				CLANG_WARN__DUPLICATE_METHOD_MATCH = YES;
				"CODE_SIGN_IDENTITY[sdk=iphoneos*]" = "iPhone Developer";
				COPY_PHASE_STRIP = NO;
				DEBUG_INFORMATION_FORMAT = dwarf;
				ENABLE_STRICT_OBJC_MSGSEND = YES;
				ENABLE_TESTABILITY = YES;
				GCC_C_LANGUAGE_STANDARD = gnu99;
				GCC_DYNAMIC_NO_PIC = NO;
				GCC_NO_COMMON_BLOCKS = YES;
				GCC_OPTIMIZATION_LEVEL = 0;
				GCC_PREPROCESSOR_DEFINITIONS = (
					"DEBUG=1",
					"$(inherited)",
				);
				GCC_WARN_64_TO_32_BIT_CONVERSION = YES;
				GCC_WARN_ABOUT_RETURN_TYPE = YES_ERROR;
				GCC_WARN_UNDECLARED_SELECTOR = YES;
				GCC_WARN_UNINITIALIZED_AUTOS = YES_AGGRESSIVE;
				GCC_WARN_UNUSED_FUNCTION = YES;
				GCC_WARN_UNUSED_VARIABLE = YES;
				IPHONEOS_DEPLOYMENT_TARGET = 10.0;
				MTL_ENABLE_DEBUG_INFO = YES;
				ONLY_ACTIVE_ARCH = YES;
				SDKROOT = iphoneos;
				SWIFT_ACTIVE_COMPILATION_CONDITIONS = DEBUG;
				SWIFT_OPTIMIZATION_LEVEL = "-Onone";
				TARGETED_DEVICE_FAMILY = "1,2";
			};
			name = Debug;
		};
		BFBA5AF91EA858A3008D322E /* Release */ = {
			isa = XCBuildConfiguration;
			buildSettings = {
				ALWAYS_SEARCH_USER_PATHS = NO;
				CLANG_ANALYZER_NONNULL = YES;
				CLANG_ANALYZER_NUMBER_OBJECT_CONVERSION = YES_AGGRESSIVE;
				CLANG_CXX_LANGUAGE_STANDARD = "gnu++0x";
				CLANG_CXX_LIBRARY = "libc++";
				CLANG_ENABLE_MODULES = YES;
				CLANG_ENABLE_OBJC_ARC = YES;
				CLANG_WARN_BLOCK_CAPTURE_AUTORELEASING = YES;
				CLANG_WARN_BOOL_CONVERSION = YES;
				CLANG_WARN_COMMA = YES;
				CLANG_WARN_CONSTANT_CONVERSION = YES;
				CLANG_WARN_DIRECT_OBJC_ISA_USAGE = YES_ERROR;
				CLANG_WARN_DOCUMENTATION_COMMENTS = YES;
				CLANG_WARN_EMPTY_BODY = YES;
				CLANG_WARN_ENUM_CONVERSION = YES;
				CLANG_WARN_INFINITE_RECURSION = YES;
				CLANG_WARN_INT_CONVERSION = YES;
				CLANG_WARN_NON_LITERAL_NULL_CONVERSION = YES;
				CLANG_WARN_OBJC_LITERAL_CONVERSION = YES;
				CLANG_WARN_OBJC_ROOT_CLASS = YES_ERROR;
				CLANG_WARN_RANGE_LOOP_ANALYSIS = YES;
				CLANG_WARN_STRICT_PROTOTYPES = YES;
				CLANG_WARN_SUSPICIOUS_MOVE = YES;
				CLANG_WARN_UNREACHABLE_CODE = YES;
				CLANG_WARN__DUPLICATE_METHOD_MATCH = YES;
				"CODE_SIGN_IDENTITY[sdk=iphoneos*]" = "iPhone Developer";
				COPY_PHASE_STRIP = NO;
				DEBUG_INFORMATION_FORMAT = "dwarf-with-dsym";
				ENABLE_NS_ASSERTIONS = NO;
				ENABLE_STRICT_OBJC_MSGSEND = YES;
				GCC_C_LANGUAGE_STANDARD = gnu99;
				GCC_NO_COMMON_BLOCKS = YES;
				GCC_WARN_64_TO_32_BIT_CONVERSION = YES;
				GCC_WARN_ABOUT_RETURN_TYPE = YES_ERROR;
				GCC_WARN_UNDECLARED_SELECTOR = YES;
				GCC_WARN_UNINITIALIZED_AUTOS = YES_AGGRESSIVE;
				GCC_WARN_UNUSED_FUNCTION = YES;
				GCC_WARN_UNUSED_VARIABLE = YES;
				IPHONEOS_DEPLOYMENT_TARGET = 10.0;
				MTL_ENABLE_DEBUG_INFO = NO;
				SDKROOT = iphoneos;
				SWIFT_OPTIMIZATION_LEVEL = "-Owholemodule";
				TARGETED_DEVICE_FAMILY = "1,2";
				VALIDATE_PRODUCT = YES;
			};
			name = Release;
		};
		BFBA5AFB1EA858A3008D322E /* Debug */ = {
			isa = XCBuildConfiguration;
			buildSettings = {
				ASSETCATALOG_COMPILER_APPICON_NAME = AppIcon;
				DEVELOPMENT_TEAM = B36SK2M974;
				INFOPLIST_FILE = TableTimerProgress/Info.plist;
				IPHONEOS_DEPLOYMENT_TARGET = 10.0;
				LD_RUNPATH_SEARCH_PATHS = "$(inherited) @executable_path/Frameworks";
				PRODUCT_BUNDLE_IDENTIFIER = com.gmail.allen.czerwinski.ClickDevTime;
				PRODUCT_NAME = "$(TARGET_NAME)";
				SWIFT_SWIFT3_OBJC_INFERENCE = On;
				SWIFT_VERSION = 4.0;
				TARGETED_DEVICE_FAMILY = 1;
			};
			name = Debug;
		};
		BFBA5AFC1EA858A3008D322E /* Release */ = {
			isa = XCBuildConfiguration;
			buildSettings = {
				ASSETCATALOG_COMPILER_APPICON_NAME = AppIcon;
				DEVELOPMENT_TEAM = B36SK2M974;
				INFOPLIST_FILE = TableTimerProgress/Info.plist;
				IPHONEOS_DEPLOYMENT_TARGET = 10.0;
				LD_RUNPATH_SEARCH_PATHS = "$(inherited) @executable_path/Frameworks";
				PRODUCT_BUNDLE_IDENTIFIER = com.gmail.allen.czerwinski.ClickDevTime;
				PRODUCT_NAME = "$(TARGET_NAME)";
				SWIFT_SWIFT3_OBJC_INFERENCE = On;
				SWIFT_VERSION = 4.0;
				TARGETED_DEVICE_FAMILY = 1;
			};
			name = Release;
		};
/* End XCBuildConfiguration section */

/* Begin XCConfigurationList section */
		BFBA5AE31EA858A3008D322E /* Build configuration list for PBXProject "ClickDevTime" */ = {
			isa = XCConfigurationList;
			buildConfigurations = (
				BFBA5AF81EA858A3008D322E /* Debug */,
				BFBA5AF91EA858A3008D322E /* Release */,
			);
			defaultConfigurationIsVisible = 0;
			defaultConfigurationName = Release;
		};
		BFBA5AFA1EA858A3008D322E /* Build configuration list for PBXNativeTarget "ClickDevTime" */ = {
			isa = XCConfigurationList;
			buildConfigurations = (
				BFBA5AFB1EA858A3008D322E /* Debug */,
				BFBA5AFC1EA858A3008D322E /* Release */,
			);
			defaultConfigurationIsVisible = 0;
			defaultConfigurationName = Release;
		};
/* End XCConfigurationList section */

/* Begin XCVersionGroup section */
		BFE9A6E41F7B0AB6008559D8 /* ClickDevTime.xcdatamodeld */ = {
			isa = XCVersionGroup;
			children = (
				BFE9A6E51F7B0AB6008559D8 /* Score.xcdatamodel */,
			);
			currentVersion = BFE9A6E51F7B0AB6008559D8 /* Score.xcdatamodel */;
			path = ClickDevTime.xcdatamodeld;
			sourceTree = "<group>";
			versionGroupType = wrapper.xcdatamodel;
		};
/* End XCVersionGroup section */
	};
	rootObject = BFBA5AE01EA858A3008D322E /* Project object */;
}
